
Microsoft Visual Studio Solution File, Format Version 12.00
# Visual Studio Version 17
VisualStudioVersion = 17.10.35013.160
MinimumVisualStudioVersion = 10.0.40219.1
Project("{9A19103F-16F7-4668-BE54-9A1E7A4F7556}") = "oop-03", "oop-03\oop-03.csproj", "{2F97B27A-FAF6-4EA9-990B-54AECB4655D4}"
EndProject
Project("{FAE04EC0-301F-11D3-BF4B-00C04F79EFBC}") = "OOP-AS-02", "OOP-AS-03\OOP-AS-02.csproj", "{0DB7BF02-61E5-4890-80CB-F40922CDD15D}"
EndProject
Global
	GlobalSection(SolutionConfigurationPlatforms) = preSolution
		Debug|Any CPU = Debug|Any CPU
		Release|Any CPU = Release|Any CPU
	EndGlobalSection
	GlobalSection(ProjectConfigurationPlatforms) = postSolution
		{2F97B27A-FAF6-4EA9-990B-54AECB4655D4}.Debug|Any CPU.ActiveCfg = Debug|Any CPU
		{2F97B27A-FAF6-4EA9-990B-54AECB4655D4}.Debug|Any CPU.Build.0 = Debug|Any CPU
		{2F97B27A-FAF6-4EA9-990B-54AECB4655D4}.Release|Any CPU.ActiveCfg = Release|Any CPU
		{2F97B27A-FAF6-4EA9-990B-54AECB4655D4}.Release|Any CPU.Build.0 = Release|Any CPU
		{0DB7BF02-61E5-4890-80CB-F40922CDD15D}.Debug|Any CPU.ActiveCfg = Debug|Any CPU
		{0DB7BF02-61E5-4890-80CB-F40922CDD15D}.Debug|Any CPU.Build.0 = Debug|Any CPU
		{0DB7BF02-61E5-4890-80CB-F40922CDD15D}.Release|Any CPU.ActiveCfg = Release|Any CPU
		{0DB7BF02-61E5-4890-80CB-F40922CDD15D}.Release|Any CPU.Build.0 = Release|Any CPU
	EndGlobalSection
	GlobalSection(SolutionProperties) = preSolution
		HideSolutionNode = FALSE
	EndGlobalSection
	GlobalSection(ExtensibilityGlobals) = postSolution
		SolutionGuid = {846C295C-7DD4-402C-807E-AC7E0D1D3589}
	EndGlobalSection
EndGlobal
